
Microsoft Visual Studio Solution File, Format Version 12.00
# Visual Studio Version 16
VisualStudioVersion = 16.0.29318.209
MinimumVisualStudioVersion = 10.0.40219.1
Project("{2150E333-8FDC-42A3-9474-1A3956D46DE8}") = "src", "src", "{AFAA0841-BD93-466F-B8F4-FB4EEC86F1FC}"
EndProject
Project("{2150E333-8FDC-42A3-9474-1A3956D46DE8}") = "test", "test", "{F10AA149-2626-486E-85BB-9CD5365F3016}"
EndProject
Project("{9A19103F-16F7-4668-BE54-9A1E7A4F7556}") = "ModularTodoApp.Core", "src\ModularTodoApp.Core\ModularTodoApp.Core.csproj", "{0FA75A5B-AB83-4FD0-B545-279774C01E87}"
EndProject
Project("{9A19103F-16F7-4668-BE54-9A1E7A4F7556}") = "ModularTodoApp.Application", "src\ModularTodoApp.Application\ModularTodoApp.Application.csproj", "{3870C648-4AEA-4B85-BA3F-F2F63B96136A}"
EndProject
Project("{9A19103F-16F7-4668-BE54-9A1E7A4F7556}") = "ModularTodoApp.Tests", "test\ModularTodoApp.Tests\ModularTodoApp.Tests.csproj", "{0D4C5D00-C144-4213-A007-4B8944113AB1}"
EndProject
Project("{9A19103F-16F7-4668-BE54-9A1E7A4F7556}") = "ModularTodoApp.Migrator", "src\ModularTodoApp.Migrator\ModularTodoApp.Migrator.csproj", "{880B3591-E057-46FE-B525-10BD83828B93}"
EndProject
Project("{9A19103F-16F7-4668-BE54-9A1E7A4F7556}") = "ModularTodoApp.Web.Core", "src\ModularTodoApp.Web.Core\ModularTodoApp.Web.Core.csproj", "{22CFE0D2-8DCA-42D7-AD7D-784C3862493F}"
EndProject
Project("{9A19103F-16F7-4668-BE54-9A1E7A4F7556}") = "ModularTodoApp.Web.Mvc", "src\ModularTodoApp.Web.Mvc\ModularTodoApp.Web.Mvc.csproj", "{A2213374-BB48-48FD-BBD4-81E6A961D866}"
EndProject
Project("{9A19103F-16F7-4668-BE54-9A1E7A4F7556}") = "ModularTodoApp.EntityFrameworkCore", "src\ModularTodoApp.EntityFrameworkCore\ModularTodoApp.EntityFrameworkCore.csproj", "{E0580562-F8F2-4EBB-B07A-ABFC6F2C314F}"
EndProject
Project("{2150E333-8FDC-42A3-9474-1A3956D46DE8}") = "todo-module", "todo-module", "{D60BAA88-D5EE-44D4-8E58-7DBDB39C57B6}"
EndProject
Project("{9A19103F-16F7-4668-BE54-9A1E7A4F7556}") = "TodoModule.Web", "src\todo-module\TodoModule.Web\TodoModule.Web.csproj", "{8462FA41-D4EA-4895-B934-A610F67FCF86}"
EndProject
Project("{9A19103F-16F7-4668-BE54-9A1E7A4F7556}") = "TodoModule.EntityFrameworkCore", "src\todo-module\TodoModule.EntityFrameworkCore\TodoModule.EntityFrameworkCore.csproj", "{C725D5BA-59E1-4AD8-BA3F-1E0DB8EB976A}"
EndProject
Project("{9A19103F-16F7-4668-BE54-9A1E7A4F7556}") = "TodoModule.Application", "src\todo-module\TodoModule.Application\TodoModule.Application.csproj", "{979ADBB8-20AC-4BC7-AC49-FD348EEDBDC5}"
EndProject
Project("{9A19103F-16F7-4668-BE54-9A1E7A4F7556}") = "TodoModule.Core", "src\todo-module\TodoModule.Core\TodoModule.Core.csproj", "{9B71ADBD-7452-41AE-8F7C-AFD8C80312C5}"
EndProject
Project("{2150E333-8FDC-42A3-9474-1A3956D46DE8}") = "common", "common", "{546E4C52-A95F-420D-982E-36389D191065}"
EndProject
Project("{FAE04EC0-301F-11D3-BF4B-00C04F79EFBC}") = "ModularTodoApp.Utils", "src\common\ModularTodoApp.Utils\ModularTodoApp.Utils.csproj", "{8F2BD820-CA3B-4C04-B8EA-9A8DF1AA34E3}"
EndProject
Global
	GlobalSection(SolutionConfigurationPlatforms) = preSolution
		Debug|Any CPU = Debug|Any CPU
		Release|Any CPU = Release|Any CPU
	EndGlobalSection
	GlobalSection(ProjectConfigurationPlatforms) = postSolution
		{0FA75A5B-AB83-4FD0-B545-279774C01E87}.Debug|Any CPU.ActiveCfg = Debug|Any CPU
		{0FA75A5B-AB83-4FD0-B545-279774C01E87}.Debug|Any CPU.Build.0 = Debug|Any CPU
		{0FA75A5B-AB83-4FD0-B545-279774C01E87}.Release|Any CPU.ActiveCfg = Release|Any CPU
		{0FA75A5B-AB83-4FD0-B545-279774C01E87}.Release|Any CPU.Build.0 = Release|Any CPU
		{3870C648-4AEA-4B85-BA3F-F2F63B96136A}.Debug|Any CPU.ActiveCfg = Debug|Any CPU
		{3870C648-4AEA-4B85-BA3F-F2F63B96136A}.Debug|Any CPU.Build.0 = Debug|Any CPU
		{3870C648-4AEA-4B85-BA3F-F2F63B96136A}.Release|Any CPU.ActiveCfg = Release|Any CPU
		{3870C648-4AEA-4B85-BA3F-F2F63B96136A}.Release|Any CPU.Build.0 = Release|Any CPU
		{0D4C5D00-C144-4213-A007-4B8944113AB1}.Debug|Any CPU.ActiveCfg = Debug|Any CPU
		{0D4C5D00-C144-4213-A007-4B8944113AB1}.Debug|Any CPU.Build.0 = Debug|Any CPU
		{0D4C5D00-C144-4213-A007-4B8944113AB1}.Release|Any CPU.ActiveCfg = Release|Any CPU
		{0D4C5D00-C144-4213-A007-4B8944113AB1}.Release|Any CPU.Build.0 = Release|Any CPU
		{880B3591-E057-46FE-B525-10BD83828B93}.Debug|Any CPU.ActiveCfg = Debug|Any CPU
		{880B3591-E057-46FE-B525-10BD83828B93}.Debug|Any CPU.Build.0 = Debug|Any CPU
		{880B3591-E057-46FE-B525-10BD83828B93}.Release|Any CPU.ActiveCfg = Release|Any CPU
		{880B3591-E057-46FE-B525-10BD83828B93}.Release|Any CPU.Build.0 = Release|Any CPU
		{22CFE0D2-8DCA-42D7-AD7D-784C3862493F}.Debug|Any CPU.ActiveCfg = Debug|Any CPU
		{22CFE0D2-8DCA-42D7-AD7D-784C3862493F}.Debug|Any CPU.Build.0 = Debug|Any CPU
		{22CFE0D2-8DCA-42D7-AD7D-784C3862493F}.Release|Any CPU.ActiveCfg = Release|Any CPU
		{22CFE0D2-8DCA-42D7-AD7D-784C3862493F}.Release|Any CPU.Build.0 = Release|Any CPU
		{A2213374-BB48-48FD-BBD4-81E6A961D866}.Debug|Any CPU.ActiveCfg = Debug|Any CPU
		{A2213374-BB48-48FD-BBD4-81E6A961D866}.Debug|Any CPU.Build.0 = Debug|Any CPU
		{A2213374-BB48-48FD-BBD4-81E6A961D866}.Release|Any CPU.ActiveCfg = Release|Any CPU
		{A2213374-BB48-48FD-BBD4-81E6A961D866}.Release|Any CPU.Build.0 = Release|Any CPU
		{E0580562-F8F2-4EBB-B07A-ABFC6F2C314F}.Debug|Any CPU.ActiveCfg = Debug|Any CPU
		{E0580562-F8F2-4EBB-B07A-ABFC6F2C314F}.Debug|Any CPU.Build.0 = Debug|Any CPU
		{E0580562-F8F2-4EBB-B07A-ABFC6F2C314F}.Release|Any CPU.ActiveCfg = Release|Any CPU
		{E0580562-F8F2-4EBB-B07A-ABFC6F2C314F}.Release|Any CPU.Build.0 = Release|Any CPU
		{8462FA41-D4EA-4895-B934-A610F67FCF86}.Debug|Any CPU.ActiveCfg = Debug|Any CPU
		{8462FA41-D4EA-4895-B934-A610F67FCF86}.Debug|Any CPU.Build.0 = Debug|Any CPU
		{8462FA41-D4EA-4895-B934-A610F67FCF86}.Release|Any CPU.ActiveCfg = Release|Any CPU
		{8462FA41-D4EA-4895-B934-A610F67FCF86}.Release|Any CPU.Build.0 = Release|Any CPU
		{C725D5BA-59E1-4AD8-BA3F-1E0DB8EB976A}.Debug|Any CPU.ActiveCfg = Debug|Any CPU
		{C725D5BA-59E1-4AD8-BA3F-1E0DB8EB976A}.Debug|Any CPU.Build.0 = Debug|Any CPU
		{C725D5BA-59E1-4AD8-BA3F-1E0DB8EB976A}.Release|Any CPU.ActiveCfg = Release|Any CPU
		{C725D5BA-59E1-4AD8-BA3F-1E0DB8EB976A}.Release|Any CPU.Build.0 = Release|Any CPU
		{979ADBB8-20AC-4BC7-AC49-FD348EEDBDC5}.Debug|Any CPU.ActiveCfg = Debug|Any CPU
		{979ADBB8-20AC-4BC7-AC49-FD348EEDBDC5}.Debug|Any CPU.Build.0 = Debug|Any CPU
		{979ADBB8-20AC-4BC7-AC49-FD348EEDBDC5}.Release|Any CPU.ActiveCfg = Release|Any CPU
		{979ADBB8-20AC-4BC7-AC49-FD348EEDBDC5}.Release|Any CPU.Build.0 = Release|Any CPU
		{9B71ADBD-7452-41AE-8F7C-AFD8C80312C5}.Debug|Any CPU.ActiveCfg = Debug|Any CPU
		{9B71ADBD-7452-41AE-8F7C-AFD8C80312C5}.Debug|Any CPU.Build.0 = Debug|Any CPU
		{9B71ADBD-7452-41AE-8F7C-AFD8C80312C5}.Release|Any CPU.ActiveCfg = Release|Any CPU
		{9B71ADBD-7452-41AE-8F7C-AFD8C80312C5}.Release|Any CPU.Build.0 = Release|Any CPU
		{8F2BD820-CA3B-4C04-B8EA-9A8DF1AA34E3}.Debug|Any CPU.ActiveCfg = Debug|Any CPU
		{8F2BD820-CA3B-4C04-B8EA-9A8DF1AA34E3}.Debug|Any CPU.Build.0 = Debug|Any CPU
		{8F2BD820-CA3B-4C04-B8EA-9A8DF1AA34E3}.Release|Any CPU.ActiveCfg = Release|Any CPU
		{8F2BD820-CA3B-4C04-B8EA-9A8DF1AA34E3}.Release|Any CPU.Build.0 = Release|Any CPU
	EndGlobalSection
	GlobalSection(SolutionProperties) = preSolution
		HideSolutionNode = FALSE
	EndGlobalSection
	GlobalSection(NestedProjects) = preSolution
		{0FA75A5B-AB83-4FD0-B545-279774C01E87} = {AFAA0841-BD93-466F-B8F4-FB4EEC86F1FC}
		{3870C648-4AEA-4B85-BA3F-F2F63B96136A} = {AFAA0841-BD93-466F-B8F4-FB4EEC86F1FC}
		{0D4C5D00-C144-4213-A007-4B8944113AB1} = {F10AA149-2626-486E-85BB-9CD5365F3016}
		{880B3591-E057-46FE-B525-10BD83828B93} = {AFAA0841-BD93-466F-B8F4-FB4EEC86F1FC}
		{22CFE0D2-8DCA-42D7-AD7D-784C3862493F} = {AFAA0841-BD93-466F-B8F4-FB4EEC86F1FC}
		{A2213374-BB48-48FD-BBD4-81E6A961D866} = {AFAA0841-BD93-466F-B8F4-FB4EEC86F1FC}
		{E0580562-F8F2-4EBB-B07A-ABFC6F2C314F} = {AFAA0841-BD93-466F-B8F4-FB4EEC86F1FC}
		{D60BAA88-D5EE-44D4-8E58-7DBDB39C57B6} = {AFAA0841-BD93-466F-B8F4-FB4EEC86F1FC}
		{8462FA41-D4EA-4895-B934-A610F67FCF86} = {D60BAA88-D5EE-44D4-8E58-7DBDB39C57B6}
		{C725D5BA-59E1-4AD8-BA3F-1E0DB8EB976A} = {D60BAA88-D5EE-44D4-8E58-7DBDB39C57B6}
		{979ADBB8-20AC-4BC7-AC49-FD348EEDBDC5} = {D60BAA88-D5EE-44D4-8E58-7DBDB39C57B6}
		{9B71ADBD-7452-41AE-8F7C-AFD8C80312C5} = {D60BAA88-D5EE-44D4-8E58-7DBDB39C57B6}
		{546E4C52-A95F-420D-982E-36389D191065} = {AFAA0841-BD93-466F-B8F4-FB4EEC86F1FC}
		{8F2BD820-CA3B-4C04-B8EA-9A8DF1AA34E3} = {546E4C52-A95F-420D-982E-36389D191065}
	EndGlobalSection
	GlobalSection(ExtensibilityGlobals) = postSolution
		SolutionGuid = {0271C9E2-6210-44B3-8B23-CE25805B3C96}
	EndGlobalSection
EndGlobal
